{
  "name": "example",
  "version": "1.0.0",
  "lockfileVersion": 3,
  "requires": true,
  "packages": {
    "": {
      "name": "example",
      "version": "1.0.0",
      "license": "ISC",
      "dependencies": {
        "class-resolver": "file:../"
      },
      "devDependencies": {
        "typescript": "^5.0.0"
      }
    },
    "..": {
      "version": "2.0.0",
      "license": "MIT",
      "devDependencies": {
        "@types/jest": "^29.5.0",
        "@types/node": "^20.0.0",
        "jest": "^29.5.0",
        "ts-jest": "^29.1.0",
        "typescript": "^5.0.0"
      },
      "engines": {
        "node": ">=14.0.0"
      }
    },
    "node_modules/class-resolver": {
      "resolved": "..",
      "link": true
    },
    "node_modules/typescript": {
      "version": "5.8.2",
      "resolved": "https://registry.npmjs.org/typescript/-/typescript-5.8.2.tgz",
      "integrity": "sha512-aJn6wq13/afZp/jT9QZmwEjDqqvSGp1VT5GVg+f/t6/oVyrgXM6BY1h9BRh/O5p3PlUPAe+WuiEZOmb/49RqoQ==",
      "dev": true,
      "bin": {
        "tsc": "bin/tsc",
        "tsserver": "bin/tsserver"
      },
      "engines": {
        "node": ">=14.17"
      }
    }
  }
}
