{
  "name": "example",
  "version": "1.0.0",
  "lockfileVersion": 1,
  "requires": true,
  "dependencies": {
    "class-resolver": {
      "version": "1.0.2",
      "resolved": "https://registry.npmjs.org/class-resolver/-/class-resolver-1.0.2.tgz",
      "integrity": "sha512-vC7ZEzbsnPZ17cJWkDkaAgMlfArRkd3NzsBb+M2ek/1ZiKi7eADzdf+3v+X4sW9H84iqBbT/uxBYloxB6wxRhA=="
    }
  }
}
